{
  "name": "app",
  "version": "1.0.0",
  "lockfileVersion": 3,
  "requires": true,
  "packages": {
    "": {
      "name": "app",
      "version": "1.0.0",
      "license": "ISC",
      "dependencies": {
        "@romcal/calendar.united-states": "^3.0.0-dev.119",
        "romcal": "^3.0.0-dev.119"
      }
    },
    "node_modules/@babel/runtime": {
      "version": "7.28.6",
      "resolved": "https://registry.npmjs.org/@babel/runtime/-/runtime-7.28.6.tgz",
      "integrity": "sha512-05WQkdpL9COIMz4LjTxGpPNCdlpyimKppYNoJ5Di5EUObifl8t4tuLuUBBZEpoLYOmfvIWrsp9fCl0HoPRVTdA==",
      "license": "MIT",
      "engines": {
        "node": ">=6.9.0"
      }
    },
    "node_modules/@romcal/calendar.united-states": {
      "version": "3.0.0-dev.119",
      "resolved": "https://registry.npmjs.org/@romcal/calendar.united-states/-/calendar.united-states-3.0.0-dev.119.tgz",
      "integrity": "sha512-4bGe89D2puHGROoN6kz4MseOne2e/OfnGbR3XWD9CJQcvbJ6VNZVPhJmpbBSI4l4qs+h593A9CdmkxnpVlzIlQ==",
      "license": "MIT",
      "engines": {
        "node": ">=18.0.0"
      },
      "peerDependencies": {
        "romcal": "3.0.0-dev.119"
      }
    },
    "node_modules/i18next": {
      "version": "25.8.10",
      "resolved": "https://registry.npmjs.org/i18next/-/i18next-25.8.10.tgz",
      "integrity": "sha512-CtPJLMAz1G8sxo+mIzfBjGgLxWs7d6WqIjlmmv9BTsOat4pJIfwZ8cm07n3kFS6bP9c6YwsYutYrwsEeJVBo2g==",
      "funding": [
        {
          "type": "individual",
          "url": "https://locize.com"
        },
        {
          "type": "individual",
          "url": "https://locize.com/i18next.html"
        },
        {
          "type": "individual",
          "url": "https://www.i18next.com/how-to/faq#i18next-is-awesome.-how-can-i-support-the-project"
        }
      ],
      "license": "MIT",
      "dependencies": {
        "@babel/runtime": "^7.28.4"
      },
      "peerDependencies": {
        "typescript": "^5"
      },
      "peerDependenciesMeta": {
        "typescript": {
          "optional": true
        }
      }
    },
    "node_modules/romcal": {
      "version": "3.0.0-dev.119",
      "resolved": "https://registry.npmjs.org/romcal/-/romcal-3.0.0-dev.119.tgz",
      "integrity": "sha512-T1V4wBt7LT8ItKuinhglBAFG6tJ0hQaxepO5331IMPtswx/8Pd9Oc++gam70tDVNc3m5pabh8ITYEI/nVcJQCg==",
      "license": "MIT",
      "workspaces": [
        "packages/*",
        "rites/*"
      ],
      "dependencies": {
        "i18next": "^25.7.2"
      },
      "engines": {
        "node": ">=18.0.0"
      }
    }
  }
}
